<?xml version="1.0" encoding="utf-8"?>
<Project ToolsVersion="16.0" xmlns="http://schemas.microsoft.com/developer/msbuild/2003">
  <ItemGroup>
    <CustomBuild Include="C:\Users\test\Documents\GitHub\PluginTemplate\build32\CMakeFiles\57ca565365c81d3de05f95acc0545d72\generate.stamp.rule">
      <Filter>CMake Rules</Filter>
    </CustomBuild>
  </ItemGroup>
  <ItemGroup>
    <Filter Include="CMake Rules">
      <UniqueIdentifier>{595C9604-0374-3065-8531-4C801B680342}</UniqueIdentifier>
    </Filter>
  </ItemGroup>
</Project>
